
Microsoft Visual Studio Solution File, Format Version 12.00
# Visual Studio Version 17
VisualStudioVersion = 17.4.33110.190
MinimumVisualStudioVersion = 10.0.40219.1
Project("{8BC9CEB8-8B4A-11D0-8D11-00A0C91BC942}") = "AlgorytmGenetyczny", "AlgorytmGenetyczny\AlgorytmGenetyczny.vcxproj", "{B6155809-B59D-471A-8837-DEE63F18C810}"
EndProject
Global
	GlobalSection(SolutionConfigurationPlatforms) = preSolution
		Debug|x64 = Debug|x64
		Debug|x86 = Debug|x86
		Release|x64 = Release|x64
		Release|x86 = Release|x86
	EndGlobalSection
	GlobalSection(ProjectConfigurationPlatforms) = postSolution
		{B6155809-B59D-471A-8837-DEE63F18C810}.Debug|x64.ActiveCfg = Debug|x64
		{B6155809-B59D-471A-8837-DEE63F18C810}.Debug|x64.Build.0 = Debug|x64
		{B6155809-B59D-471A-8837-DEE63F18C810}.Debug|x86.ActiveCfg = Debug|Win32
		{B6155809-B59D-471A-8837-DEE63F18C810}.Debug|x86.Build.0 = Debug|Win32
		{B6155809-B59D-471A-8837-DEE63F18C810}.Release|x64.ActiveCfg = Release|x64
		{B6155809-B59D-471A-8837-DEE63F18C810}.Release|x64.Build.0 = Release|x64
		{B6155809-B59D-471A-8837-DEE63F18C810}.Release|x86.ActiveCfg = Release|Win32
		{B6155809-B59D-471A-8837-DEE63F18C810}.Release|x86.Build.0 = Release|Win32
	EndGlobalSection
	GlobalSection(SolutionProperties) = preSolution
		HideSolutionNode = FALSE
	EndGlobalSection
	GlobalSection(ExtensibilityGlobals) = postSolution
		SolutionGuid = {63BEB582-3F2F-451E-8457-727F3E7808AC}
	EndGlobalSection
EndGlobal
